
Microsoft Visual Studio Solution File, Format Version 12.00
# Visual Studio Version 16
VisualStudioVersion = 16.0.30413.136
MinimumVisualStudioVersion = 10.0.40219.1
Project("{FAE04EC0-301F-11D3-BF4B-00C04F79EFBC}") = "project", "project\project.csproj", "{9BC2BB77-94DB-4D3A-85B2-BBF4809D422E}"
EndProject
Global
	GlobalSection(SolutionConfigurationPlatforms) = preSolution
		Debug|Any CPU = Debug|Any CPU
		Release|Any CPU = Release|Any CPU
	EndGlobalSection
	GlobalSection(ProjectConfigurationPlatforms) = postSolution
		{9BC2BB77-94DB-4D3A-85B2-BBF4809D422E}.Debug|Any CPU.ActiveCfg = Debug|Any CPU
		{9BC2BB77-94DB-4D3A-85B2-BBF4809D422E}.Debug|Any CPU.Build.0 = Debug|Any CPU
		{9BC2BB77-94DB-4D3A-85B2-BBF4809D422E}.Release|Any CPU.ActiveCfg = Release|Any CPU
		{9BC2BB77-94DB-4D3A-85B2-BBF4809D422E}.Release|Any CPU.Build.0 = Release|Any CPU
	EndGlobalSection
	GlobalSection(SolutionProperties) = preSolution
		HideSolutionNode = FALSE
	EndGlobalSection
	GlobalSection(ExtensibilityGlobals) = postSolution
		SolutionGuid = {EA2F9166-8312-4DFF-B546-4B176645BA0F}
	EndGlobalSection
EndGlobal
